
Microsoft Visual Studio Solution File, Format Version 12.00
# Visual Studio Version 17
VisualStudioVersion = 17.1.32210.238
MinimumVisualStudioVersion = 10.0.40219.1
Project("{FAE04EC0-301F-11D3-BF4B-00C04F79EFBC}") = "001_WPFBasic", "001_WPFBasic\001_WPFBasic.csproj", "{CA0B426B-E79A-4CA7-ADD7-CFBD76460B3E}"
EndProject
Project("{FAE04EC0-301F-11D3-BF4B-00C04F79EFBC}") = "002_HelloWorld", "002_HelloWorld\002_HelloWorld.csproj", "{40615421-6B80-4E9B-9BCE-0FA96404D797}"
EndProject
Project("{FAE04EC0-301F-11D3-BF4B-00C04F79EFBC}") = "003_grid", "003_grid\003_grid.csproj", "{B2B07793-7CFC-4740-B675-609D585E6189}"
EndProject
Project("{FAE04EC0-301F-11D3-BF4B-00C04F79EFBC}") = "004_StackPanel", "004_StackPanel\004_StackPanel.csproj", "{3A58A60F-9BBB-4437-BA59-427B9707C1F1}"
EndProject
Project("{FAE04EC0-301F-11D3-BF4B-00C04F79EFBC}") = "005_login", "005_login\005_login.csproj", "{760C627E-08F7-43FE-AD26-D0AB9369B0A0}"
EndProject
Project("{FAE04EC0-301F-11D3-BF4B-00C04F79EFBC}") = "006_Language", "006_Language\006_Language.csproj", "{25E7CAA6-187F-4317-9208-44ADD41C8C5F}"
EndProject
Project("{FAE04EC0-301F-11D3-BF4B-00C04F79EFBC}") = "007_UserControl", "007_UserControl\007_UserControl.csproj", "{660A0285-9F80-42DD-A847-045C89456A70}"
EndProject
Project("{FAE04EC0-301F-11D3-BF4B-00C04F79EFBC}") = "008_DockPanel", "008_DockPanel\008_DockPanel.csproj", "{20DD8562-9895-417A-9933-D213F300C165}"
EndProject
Project("{FAE04EC0-301F-11D3-BF4B-00C04F79EFBC}") = "009_UniformGrid", "009_UniformGrid\009_UniformGrid.csproj", "{D11A4BC6-2FF7-4347-BB91-750A4E470F60}"
EndProject
Project("{FAE04EC0-301F-11D3-BF4B-00C04F79EFBC}") = "010_MatchingGame", "010_MatchingGame\010_MatchingGame.csproj", "{20986E51-753E-4C4E-AD53-626C17D3AF22}"
EndProject
Project("{FAE04EC0-301F-11D3-BF4B-00C04F79EFBC}") = "011_EIS", "011_EIS\011_EIS.csproj", "{666EBCAC-9358-4F6F-B5DB-3E4DD2F69173}"
EndProject
Project("{FAE04EC0-301F-11D3-BF4B-00C04F79EFBC}") = "012_TwoWindows", "012_TwoWindows\012_TwoWindows.csproj", "{3B550E45-AD5B-4A16-AB84-6135EEC7FED1}"
EndProject
Project("{FAE04EC0-301F-11D3-BF4B-00C04F79EFBC}") = "013_Pages", "013_Pages\013_Pages.csproj", "{793A8ABC-05EF-4635-B1B1-34077AEB9260}"
EndProject
Project("{FAE04EC0-301F-11D3-BF4B-00C04F79EFBC}") = "014_SnakeBite", "014_SnakeBite\014_SnakeBite.csproj", "{AAE757E7-BF12-4B16-9B77-F28346711A66}"
EndProject
Project("{FAE04EC0-301F-11D3-BF4B-00C04F79EFBC}") = "015. LiveChart", "015. LiveChart\015. LiveChart.csproj", "{CC04E1FC-C2B0-4D73-84D6-40398600CC94}"
EndProject
Project("{FAE04EC0-301F-11D3-BF4B-00C04F79EFBC}") = "016. DateClass", "016. DateClass\016. DateClass.csproj", "{C8AD261A-2F54-4D8C-9D04-D4695058B0EA}"
EndProject
Project("{FAE04EC0-301F-11D3-BF4B-00C04F79EFBC}") = "017. StructAndClass", "017. StructAndClass\017. StructAndClass.csproj", "{3E792A23-E624-427F-978C-D9AD528A40B3}"
EndProject
Project("{FAE04EC0-301F-11D3-BF4B-00C04F79EFBC}") = "018. ClassInCS_66", "018. ClassInCS_66\018. ClassInCS_66.csproj", "{EECF2902-BFA5-4D40-B25B-A08BF6000DFD}"
EndProject
Project("{FAE04EC0-301F-11D3-BF4B-00C04F79EFBC}") = "019. StaticAndInstanseMethod", "019. StaticAndInstanseMethod\019. StaticAndInstanseMethod.csproj", "{1A63C037-FA0B-40C7-BF49-02CA6086BEC9}"
EndProject
Project("{FAE04EC0-301F-11D3-BF4B-00C04F79EFBC}") = "020. Constructor", "020. Constructor\020. Constructor.csproj", "{013FFE9D-3824-41ED-BD99-32EA438DD3B7}"
EndProject
Project("{FAE04EC0-301F-11D3-BF4B-00C04F79EFBC}") = "021. property", "021. property\021. property.csproj", "{F429534D-5268-4986-8138-DD6294BFB8B1}"
EndProject
Project("{FAE04EC0-301F-11D3-BF4B-00C04F79EFBC}") = "022. rectangle", "022. rectangle\022. rectangle.csproj", "{69881257-E9F1-47DD-91F6-972F54B7D5EB}"
EndProject
Project("{FAE04EC0-301F-11D3-BF4B-00C04F79EFBC}") = "023. Rectangle", "023. Rectangle\023. Rectangle.csproj", "{A48BB2E8-FF32-4461-BE0E-F0F06C6D4E0D}"
EndProject
Project("{FAE04EC0-301F-11D3-BF4B-00C04F79EFBC}") = "023_ rectangle3", "rectangle2\023_ rectangle3.csproj", "{EE1EE53C-C5B7-4169-B960-3E0B837D9208}"
EndProject
Project("{FAE04EC0-301F-11D3-BF4B-00C04F79EFBC}") = "024. student Information", "024. student Information\024. student Information.csproj", "{2023F6C1-3636-4E71-8DEB-53DC402B34F7}"
EndProject
Project("{FAE04EC0-301F-11D3-BF4B-00C04F79EFBC}") = "026. Calculator", "026. Calculator\026. Calculator.csproj", "{EE0CB366-A2F3-4EDC-A2CA-57B3138010AF}"
EndProject
Project("{FAE04EC0-301F-11D3-BF4B-00C04F79EFBC}") = "023_rectprop", "023_rectprop\023_rectprop.csproj", "{77BC85E8-FF3F-4E27-A62D-9CC1EBD5BBD9}"
EndProject
Project("{FAE04EC0-301F-11D3-BF4B-00C04F79EFBC}") = "023_rectprop2", "023_rectprop2\023_rectprop2.csproj", "{D4DCA7BD-59A6-4872-AD8A-FDA49E4555D7}"
EndProject
Project("{FAE04EC0-301F-11D3-BF4B-00C04F79EFBC}") = "024_studentprop", "024_studentprop\024_studentprop.csproj", "{6229719B-40DA-40B5-8544-232B4F0EBF59}"
EndProject
Global
	GlobalSection(SolutionConfigurationPlatforms) = preSolution
		Debug|Any CPU = Debug|Any CPU
		Release|Any CPU = Release|Any CPU
	EndGlobalSection
	GlobalSection(ProjectConfigurationPlatforms) = postSolution
		{CA0B426B-E79A-4CA7-ADD7-CFBD76460B3E}.Debug|Any CPU.ActiveCfg = Debug|Any CPU
		{CA0B426B-E79A-4CA7-ADD7-CFBD76460B3E}.Debug|Any CPU.Build.0 = Debug|Any CPU
		{CA0B426B-E79A-4CA7-ADD7-CFBD76460B3E}.Release|Any CPU.ActiveCfg = Release|Any CPU
		{CA0B426B-E79A-4CA7-ADD7-CFBD76460B3E}.Release|Any CPU.Build.0 = Release|Any CPU
		{40615421-6B80-4E9B-9BCE-0FA96404D797}.Debug|Any CPU.ActiveCfg = Debug|Any CPU
		{40615421-6B80-4E9B-9BCE-0FA96404D797}.Debug|Any CPU.Build.0 = Debug|Any CPU
		{40615421-6B80-4E9B-9BCE-0FA96404D797}.Release|Any CPU.ActiveCfg = Release|Any CPU
		{40615421-6B80-4E9B-9BCE-0FA96404D797}.Release|Any CPU.Build.0 = Release|Any CPU
		{B2B07793-7CFC-4740-B675-609D585E6189}.Debug|Any CPU.ActiveCfg = Debug|Any CPU
		{B2B07793-7CFC-4740-B675-609D585E6189}.Debug|Any CPU.Build.0 = Debug|Any CPU
		{B2B07793-7CFC-4740-B675-609D585E6189}.Release|Any CPU.ActiveCfg = Release|Any CPU
		{B2B07793-7CFC-4740-B675-609D585E6189}.Release|Any CPU.Build.0 = Release|Any CPU
		{3A58A60F-9BBB-4437-BA59-427B9707C1F1}.Debug|Any CPU.ActiveCfg = Debug|Any CPU
		{3A58A60F-9BBB-4437-BA59-427B9707C1F1}.Debug|Any CPU.Build.0 = Debug|Any CPU
		{3A58A60F-9BBB-4437-BA59-427B9707C1F1}.Release|Any CPU.ActiveCfg = Release|Any CPU
		{3A58A60F-9BBB-4437-BA59-427B9707C1F1}.Release|Any CPU.Build.0 = Release|Any CPU
		{760C627E-08F7-43FE-AD26-D0AB9369B0A0}.Debug|Any CPU.ActiveCfg = Debug|Any CPU
		{760C627E-08F7-43FE-AD26-D0AB9369B0A0}.Debug|Any CPU.Build.0 = Debug|Any CPU
		{760C627E-08F7-43FE-AD26-D0AB9369B0A0}.Release|Any CPU.ActiveCfg = Release|Any CPU
		{760C627E-08F7-43FE-AD26-D0AB9369B0A0}.Release|Any CPU.Build.0 = Release|Any CPU
		{25E7CAA6-187F-4317-9208-44ADD41C8C5F}.Debug|Any CPU.ActiveCfg = Debug|Any CPU
		{25E7CAA6-187F-4317-9208-44ADD41C8C5F}.Debug|Any CPU.Build.0 = Debug|Any CPU
		{25E7CAA6-187F-4317-9208-44ADD41C8C5F}.Release|Any CPU.ActiveCfg = Release|Any CPU
		{25E7CAA6-187F-4317-9208-44ADD41C8C5F}.Release|Any CPU.Build.0 = Release|Any CPU
		{660A0285-9F80-42DD-A847-045C89456A70}.Debug|Any CPU.ActiveCfg = Debug|Any CPU
		{660A0285-9F80-42DD-A847-045C89456A70}.Debug|Any CPU.Build.0 = Debug|Any CPU
		{660A0285-9F80-42DD-A847-045C89456A70}.Release|Any CPU.ActiveCfg = Release|Any CPU
		{660A0285-9F80-42DD-A847-045C89456A70}.Release|Any CPU.Build.0 = Release|Any CPU
		{20DD8562-9895-417A-9933-D213F300C165}.Debug|Any CPU.ActiveCfg = Debug|Any CPU
		{20DD8562-9895-417A-9933-D213F300C165}.Debug|Any CPU.Build.0 = Debug|Any CPU
		{20DD8562-9895-417A-9933-D213F300C165}.Release|Any CPU.ActiveCfg = Release|Any CPU
		{20DD8562-9895-417A-9933-D213F300C165}.Release|Any CPU.Build.0 = Release|Any CPU
		{D11A4BC6-2FF7-4347-BB91-750A4E470F60}.Debug|Any CPU.ActiveCfg = Debug|Any CPU
		{D11A4BC6-2FF7-4347-BB91-750A4E470F60}.Debug|Any CPU.Build.0 = Debug|Any CPU
		{D11A4BC6-2FF7-4347-BB91-750A4E470F60}.Release|Any CPU.ActiveCfg = Release|Any CPU
		{D11A4BC6-2FF7-4347-BB91-750A4E470F60}.Release|Any CPU.Build.0 = Release|Any CPU
		{20986E51-753E-4C4E-AD53-626C17D3AF22}.Debug|Any CPU.ActiveCfg = Debug|Any CPU
		{20986E51-753E-4C4E-AD53-626C17D3AF22}.Debug|Any CPU.Build.0 = Debug|Any CPU
		{20986E51-753E-4C4E-AD53-626C17D3AF22}.Release|Any CPU.ActiveCfg = Release|Any CPU
		{20986E51-753E-4C4E-AD53-626C17D3AF22}.Release|Any CPU.Build.0 = Release|Any CPU
		{666EBCAC-9358-4F6F-B5DB-3E4DD2F69173}.Debug|Any CPU.ActiveCfg = Debug|Any CPU
		{666EBCAC-9358-4F6F-B5DB-3E4DD2F69173}.Debug|Any CPU.Build.0 = Debug|Any CPU
		{666EBCAC-9358-4F6F-B5DB-3E4DD2F69173}.Release|Any CPU.ActiveCfg = Release|Any CPU
		{666EBCAC-9358-4F6F-B5DB-3E4DD2F69173}.Release|Any CPU.Build.0 = Release|Any CPU
		{3B550E45-AD5B-4A16-AB84-6135EEC7FED1}.Debug|Any CPU.ActiveCfg = Debug|Any CPU
		{3B550E45-AD5B-4A16-AB84-6135EEC7FED1}.Debug|Any CPU.Build.0 = Debug|Any CPU
		{3B550E45-AD5B-4A16-AB84-6135EEC7FED1}.Release|Any CPU.ActiveCfg = Release|Any CPU
		{3B550E45-AD5B-4A16-AB84-6135EEC7FED1}.Release|Any CPU.Build.0 = Release|Any CPU
		{793A8ABC-05EF-4635-B1B1-34077AEB9260}.Debug|Any CPU.ActiveCfg = Debug|Any CPU
		{793A8ABC-05EF-4635-B1B1-34077AEB9260}.Debug|Any CPU.Build.0 = Debug|Any CPU
		{793A8ABC-05EF-4635-B1B1-34077AEB9260}.Release|Any CPU.ActiveCfg = Release|Any CPU
		{793A8ABC-05EF-4635-B1B1-34077AEB9260}.Release|Any CPU.Build.0 = Release|Any CPU
		{AAE757E7-BF12-4B16-9B77-F28346711A66}.Debug|Any CPU.ActiveCfg = Debug|Any CPU
		{AAE757E7-BF12-4B16-9B77-F28346711A66}.Debug|Any CPU.Build.0 = Debug|Any CPU
		{AAE757E7-BF12-4B16-9B77-F28346711A66}.Release|Any CPU.ActiveCfg = Release|Any CPU
		{AAE757E7-BF12-4B16-9B77-F28346711A66}.Release|Any CPU.Build.0 = Release|Any CPU
		{CC04E1FC-C2B0-4D73-84D6-40398600CC94}.Debug|Any CPU.ActiveCfg = Debug|Any CPU
		{CC04E1FC-C2B0-4D73-84D6-40398600CC94}.Debug|Any CPU.Build.0 = Debug|Any CPU
		{CC04E1FC-C2B0-4D73-84D6-40398600CC94}.Release|Any CPU.ActiveCfg = Release|Any CPU
		{CC04E1FC-C2B0-4D73-84D6-40398600CC94}.Release|Any CPU.Build.0 = Release|Any CPU
		{C8AD261A-2F54-4D8C-9D04-D4695058B0EA}.Debug|Any CPU.ActiveCfg = Debug|Any CPU
		{C8AD261A-2F54-4D8C-9D04-D4695058B0EA}.Debug|Any CPU.Build.0 = Debug|Any CPU
		{C8AD261A-2F54-4D8C-9D04-D4695058B0EA}.Release|Any CPU.ActiveCfg = Release|Any CPU
		{C8AD261A-2F54-4D8C-9D04-D4695058B0EA}.Release|Any CPU.Build.0 = Release|Any CPU
		{3E792A23-E624-427F-978C-D9AD528A40B3}.Debug|Any CPU.ActiveCfg = Debug|Any CPU
		{3E792A23-E624-427F-978C-D9AD528A40B3}.Debug|Any CPU.Build.0 = Debug|Any CPU
		{3E792A23-E624-427F-978C-D9AD528A40B3}.Release|Any CPU.ActiveCfg = Release|Any CPU
		{3E792A23-E624-427F-978C-D9AD528A40B3}.Release|Any CPU.Build.0 = Release|Any CPU
		{EECF2902-BFA5-4D40-B25B-A08BF6000DFD}.Debug|Any CPU.ActiveCfg = Debug|Any CPU
		{EECF2902-BFA5-4D40-B25B-A08BF6000DFD}.Debug|Any CPU.Build.0 = Debug|Any CPU
		{EECF2902-BFA5-4D40-B25B-A08BF6000DFD}.Release|Any CPU.ActiveCfg = Release|Any CPU
		{EECF2902-BFA5-4D40-B25B-A08BF6000DFD}.Release|Any CPU.Build.0 = Release|Any CPU
		{1A63C037-FA0B-40C7-BF49-02CA6086BEC9}.Debug|Any CPU.ActiveCfg = Debug|Any CPU
		{1A63C037-FA0B-40C7-BF49-02CA6086BEC9}.Debug|Any CPU.Build.0 = Debug|Any CPU
		{1A63C037-FA0B-40C7-BF49-02CA6086BEC9}.Release|Any CPU.ActiveCfg = Release|Any CPU
		{1A63C037-FA0B-40C7-BF49-02CA6086BEC9}.Release|Any CPU.Build.0 = Release|Any CPU
		{013FFE9D-3824-41ED-BD99-32EA438DD3B7}.Debug|Any CPU.ActiveCfg = Debug|Any CPU
		{013FFE9D-3824-41ED-BD99-32EA438DD3B7}.Debug|Any CPU.Build.0 = Debug|Any CPU
		{013FFE9D-3824-41ED-BD99-32EA438DD3B7}.Release|Any CPU.ActiveCfg = Release|Any CPU
		{013FFE9D-3824-41ED-BD99-32EA438DD3B7}.Release|Any CPU.Build.0 = Release|Any CPU
		{F429534D-5268-4986-8138-DD6294BFB8B1}.Debug|Any CPU.ActiveCfg = Debug|Any CPU
		{F429534D-5268-4986-8138-DD6294BFB8B1}.Debug|Any CPU.Build.0 = Debug|Any CPU
		{F429534D-5268-4986-8138-DD6294BFB8B1}.Release|Any CPU.ActiveCfg = Release|Any CPU
		{F429534D-5268-4986-8138-DD6294BFB8B1}.Release|Any CPU.Build.0 = Release|Any CPU
		{69881257-E9F1-47DD-91F6-972F54B7D5EB}.Debug|Any CPU.ActiveCfg = Debug|Any CPU
		{69881257-E9F1-47DD-91F6-972F54B7D5EB}.Debug|Any CPU.Build.0 = Debug|Any CPU
		{69881257-E9F1-47DD-91F6-972F54B7D5EB}.Release|Any CPU.ActiveCfg = Release|Any CPU
		{69881257-E9F1-47DD-91F6-972F54B7D5EB}.Release|Any CPU.Build.0 = Release|Any CPU
		{A48BB2E8-FF32-4461-BE0E-F0F06C6D4E0D}.Debug|Any CPU.ActiveCfg = Debug|Any CPU
		{A48BB2E8-FF32-4461-BE0E-F0F06C6D4E0D}.Debug|Any CPU.Build.0 = Debug|Any CPU
		{A48BB2E8-FF32-4461-BE0E-F0F06C6D4E0D}.Release|Any CPU.ActiveCfg = Release|Any CPU
		{A48BB2E8-FF32-4461-BE0E-F0F06C6D4E0D}.Release|Any CPU.Build.0 = Release|Any CPU
		{EE1EE53C-C5B7-4169-B960-3E0B837D9208}.Debug|Any CPU.ActiveCfg = Debug|Any CPU
		{EE1EE53C-C5B7-4169-B960-3E0B837D9208}.Debug|Any CPU.Build.0 = Debug|Any CPU
		{EE1EE53C-C5B7-4169-B960-3E0B837D9208}.Release|Any CPU.ActiveCfg = Release|Any CPU
		{EE1EE53C-C5B7-4169-B960-3E0B837D9208}.Release|Any CPU.Build.0 = Release|Any CPU
		{2023F6C1-3636-4E71-8DEB-53DC402B34F7}.Debug|Any CPU.ActiveCfg = Debug|Any CPU
		{2023F6C1-3636-4E71-8DEB-53DC402B34F7}.Debug|Any CPU.Build.0 = Debug|Any CPU
		{2023F6C1-3636-4E71-8DEB-53DC402B34F7}.Release|Any CPU.ActiveCfg = Release|Any CPU
		{2023F6C1-3636-4E71-8DEB-53DC402B34F7}.Release|Any CPU.Build.0 = Release|Any CPU
		{EE0CB366-A2F3-4EDC-A2CA-57B3138010AF}.Debug|Any CPU.ActiveCfg = Debug|Any CPU
		{EE0CB366-A2F3-4EDC-A2CA-57B3138010AF}.Debug|Any CPU.Build.0 = Debug|Any CPU
		{EE0CB366-A2F3-4EDC-A2CA-57B3138010AF}.Release|Any CPU.ActiveCfg = Release|Any CPU
		{EE0CB366-A2F3-4EDC-A2CA-57B3138010AF}.Release|Any CPU.Build.0 = Release|Any CPU
		{77BC85E8-FF3F-4E27-A62D-9CC1EBD5BBD9}.Debug|Any CPU.ActiveCfg = Debug|Any CPU
		{77BC85E8-FF3F-4E27-A62D-9CC1EBD5BBD9}.Debug|Any CPU.Build.0 = Debug|Any CPU
		{77BC85E8-FF3F-4E27-A62D-9CC1EBD5BBD9}.Release|Any CPU.ActiveCfg = Release|Any CPU
		{77BC85E8-FF3F-4E27-A62D-9CC1EBD5BBD9}.Release|Any CPU.Build.0 = Release|Any CPU
		{D4DCA7BD-59A6-4872-AD8A-FDA49E4555D7}.Debug|Any CPU.ActiveCfg = Debug|Any CPU
		{D4DCA7BD-59A6-4872-AD8A-FDA49E4555D7}.Debug|Any CPU.Build.0 = Debug|Any CPU
		{D4DCA7BD-59A6-4872-AD8A-FDA49E4555D7}.Release|Any CPU.ActiveCfg = Release|Any CPU
		{D4DCA7BD-59A6-4872-AD8A-FDA49E4555D7}.Release|Any CPU.Build.0 = Release|Any CPU
		{6229719B-40DA-40B5-8544-232B4F0EBF59}.Debug|Any CPU.ActiveCfg = Debug|Any CPU
		{6229719B-40DA-40B5-8544-232B4F0EBF59}.Debug|Any CPU.Build.0 = Debug|Any CPU
		{6229719B-40DA-40B5-8544-232B4F0EBF59}.Release|Any CPU.ActiveCfg = Release|Any CPU
		{6229719B-40DA-40B5-8544-232B4F0EBF59}.Release|Any CPU.Build.0 = Release|Any CPU
	EndGlobalSection
	GlobalSection(SolutionProperties) = preSolution
		HideSolutionNode = FALSE
	EndGlobalSection
	GlobalSection(ExtensibilityGlobals) = postSolution
		SolutionGuid = {1F242119-22F8-4629-977A-9571935D527E}
	EndGlobalSection
EndGlobal
